{
  "name": "node_1",
  "version": "1.0.0",
  "lockfileVersion": 2,
  "requires": true,
  "packages": {
    "": {
      "name": "node_1",
      "version": "1.0.0",
      "license": "ISC",
      "dependencies": {
        "@z70007z/ajs": "^1.0.0"
      }
    },
    "node_modules/@z70007z/ajs": {
      "version": "1.0.0",
      "resolved": "https://npm.pkg.github.com/download/@z70007z/ajs/1.0.0/404b0836e31563e789abcd6192483950816d2e7b",
      "integrity": "sha512-7iNBPe31f9afj+baF4e7488NPAc1zqfS+x9mdwW6+qe7GyzEmq3WeUjjktP3JJzoR28DW+EonURzbfR/qKegbQ==",
      "license": "ISC"
    }
  },
  "dependencies": {
    "@z70007z/ajs": {
      "version": "1.0.0",
      "resolved": "https://npm.pkg.github.com/download/@z70007z/ajs/1.0.0/404b0836e31563e789abcd6192483950816d2e7b",
      "integrity": "sha512-7iNBPe31f9afj+baF4e7488NPAc1zqfS+x9mdwW6+qe7GyzEmq3WeUjjktP3JJzoR28DW+EonURzbfR/qKegbQ=="
    }
  }
}
